
Microsoft Visual Studio Solution File, Format Version 12.00
# Visual Studio Version 16
VisualStudioVersion = 16.0.29009.5
MinimumVisualStudioVersion = 10.0.40219.1
Project("{FAE04EC0-301F-11D3-BF4B-00C04F79EFBC}") = "Example.Android", "Example.Android\Example.Android.csproj", "{F8B73391-0382-4B48-A692-AAF913290455}"
EndProject
Project("{FAE04EC0-301F-11D3-BF4B-00C04F79EFBC}") = "Example.iOS", "Example.iOS\Example.iOS.csproj", "{4894187C-9758-4A0C-BF5D-C4F99A6F590F}"
EndProject
Project("{9A19103F-16F7-4668-BE54-9A1E7A4F7556}") = "Example", "Example\Example.csproj", "{BF4E66A9-E89E-48B8-B3FA-E8DF737C4FDB}"
EndProject
Project("{9A19103F-16F7-4668-BE54-9A1E7A4F7556}") = "ExampleUnitTests", "ExampleUnitTests\ExampleUnitTests.csproj", "{BB31D721-5F58-4921-9EF2-9B9DE52EE589}"
EndProject
Global
	GlobalSection(SolutionConfigurationPlatforms) = preSolution
		Ad-Hoc|Any CPU = Ad-Hoc|Any CPU
		Ad-Hoc|iPhone = Ad-Hoc|iPhone
		Ad-Hoc|iPhoneSimulator = Ad-Hoc|iPhoneSimulator
		AppStore|Any CPU = AppStore|Any CPU
		AppStore|iPhone = AppStore|iPhone
		AppStore|iPhoneSimulator = AppStore|iPhoneSimulator
		Debug|Any CPU = Debug|Any CPU
		Debug|iPhone = Debug|iPhone
		Debug|iPhoneSimulator = Debug|iPhoneSimulator
		Release|Any CPU = Release|Any CPU
		Release|iPhone = Release|iPhone
		Release|iPhoneSimulator = Release|iPhoneSimulator
	EndGlobalSection
	GlobalSection(ProjectConfigurationPlatforms) = postSolution
		{F8B73391-0382-4B48-A692-AAF913290455}.Ad-Hoc|Any CPU.ActiveCfg = Release|Any CPU
		{F8B73391-0382-4B48-A692-AAF913290455}.Ad-Hoc|Any CPU.Build.0 = Release|Any CPU
		{F8B73391-0382-4B48-A692-AAF913290455}.Ad-Hoc|Any CPU.Deploy.0 = Release|Any CPU
		{F8B73391-0382-4B48-A692-AAF913290455}.Ad-Hoc|iPhone.ActiveCfg = Debug|Any CPU
		{F8B73391-0382-4B48-A692-AAF913290455}.Ad-Hoc|iPhone.Build.0 = Debug|Any CPU
		{F8B73391-0382-4B48-A692-AAF913290455}.Ad-Hoc|iPhoneSimulator.ActiveCfg = Release|Any CPU
		{F8B73391-0382-4B48-A692-AAF913290455}.Ad-Hoc|iPhoneSimulator.Build.0 = Release|Any CPU
		{F8B73391-0382-4B48-A692-AAF913290455}.Ad-Hoc|iPhoneSimulator.Deploy.0 = Release|Any CPU
		{F8B73391-0382-4B48-A692-AAF913290455}.AppStore|Any CPU.ActiveCfg = Release|Any CPU
		{F8B73391-0382-4B48-A692-AAF913290455}.AppStore|Any CPU.Build.0 = Release|Any CPU
		{F8B73391-0382-4B48-A692-AAF913290455}.AppStore|Any CPU.Deploy.0 = Release|Any CPU
		{F8B73391-0382-4B48-A692-AAF913290455}.AppStore|iPhone.ActiveCfg = Debug|Any CPU
		{F8B73391-0382-4B48-A692-AAF913290455}.AppStore|iPhone.Build.0 = Debug|Any CPU
		{F8B73391-0382-4B48-A692-AAF913290455}.AppStore|iPhoneSimulator.ActiveCfg = Release|Any CPU
		{F8B73391-0382-4B48-A692-AAF913290455}.AppStore|iPhoneSimulator.Build.0 = Release|Any CPU
		{F8B73391-0382-4B48-A692-AAF913290455}.AppStore|iPhoneSimulator.Deploy.0 = Release|Any CPU
		{F8B73391-0382-4B48-A692-AAF913290455}.Debug|Any CPU.ActiveCfg = Debug|Any CPU
		{F8B73391-0382-4B48-A692-AAF913290455}.Debug|Any CPU.Build.0 = Debug|Any CPU
		{F8B73391-0382-4B48-A692-AAF913290455}.Debug|Any CPU.Deploy.0 = Debug|Any CPU
		{F8B73391-0382-4B48-A692-AAF913290455}.Debug|iPhone.ActiveCfg = Debug|Any CPU
		{F8B73391-0382-4B48-A692-AAF913290455}.Debug|iPhone.Build.0 = Debug|Any CPU
		{F8B73391-0382-4B48-A692-AAF913290455}.Debug|iPhoneSimulator.ActiveCfg = Debug|Any CPU
		{F8B73391-0382-4B48-A692-AAF913290455}.Debug|iPhoneSimulator.Build.0 = Debug|Any CPU
		{F8B73391-0382-4B48-A692-AAF913290455}.Release|Any CPU.ActiveCfg = Release|Any CPU
		{F8B73391-0382-4B48-A692-AAF913290455}.Release|Any CPU.Build.0 = Release|Any CPU
		{F8B73391-0382-4B48-A692-AAF913290455}.Release|iPhone.ActiveCfg = Release|Any CPU
		{F8B73391-0382-4B48-A692-AAF913290455}.Release|iPhone.Build.0 = Release|Any CPU
		{F8B73391-0382-4B48-A692-AAF913290455}.Release|iPhoneSimulator.ActiveCfg = Release|Any CPU
		{F8B73391-0382-4B48-A692-AAF913290455}.Release|iPhoneSimulator.Build.0 = Release|Any CPU
		{4894187C-9758-4A0C-BF5D-C4F99A6F590F}.Ad-Hoc|Any CPU.ActiveCfg = Ad-Hoc|iPhoneSimulator
		{4894187C-9758-4A0C-BF5D-C4F99A6F590F}.Ad-Hoc|iPhone.ActiveCfg = Ad-Hoc|iPhone
		{4894187C-9758-4A0C-BF5D-C4F99A6F590F}.Ad-Hoc|iPhone.Build.0 = Ad-Hoc|iPhone
		{4894187C-9758-4A0C-BF5D-C4F99A6F590F}.Ad-Hoc|iPhoneSimulator.ActiveCfg = Ad-Hoc|iPhoneSimulator
		{4894187C-9758-4A0C-BF5D-C4F99A6F590F}.Ad-Hoc|iPhoneSimulator.Build.0 = Ad-Hoc|iPhoneSimulator
		{4894187C-9758-4A0C-BF5D-C4F99A6F590F}.AppStore|Any CPU.ActiveCfg = AppStore|iPhoneSimulator
		{4894187C-9758-4A0C-BF5D-C4F99A6F590F}.AppStore|iPhone.ActiveCfg = AppStore|iPhone
		{4894187C-9758-4A0C-BF5D-C4F99A6F590F}.AppStore|iPhone.Build.0 = AppStore|iPhone
		{4894187C-9758-4A0C-BF5D-C4F99A6F590F}.AppStore|iPhoneSimulator.ActiveCfg = AppStore|iPhoneSimulator
		{4894187C-9758-4A0C-BF5D-C4F99A6F590F}.AppStore|iPhoneSimulator.Build.0 = AppStore|iPhoneSimulator
		{4894187C-9758-4A0C-BF5D-C4F99A6F590F}.Debug|Any CPU.ActiveCfg = Debug|iPhoneSimulator
		{4894187C-9758-4A0C-BF5D-C4F99A6F590F}.Debug|Any CPU.Build.0 = Debug|iPhoneSimulator
		{4894187C-9758-4A0C-BF5D-C4F99A6F590F}.Debug|iPhone.ActiveCfg = Debug|iPhone
		{4894187C-9758-4A0C-BF5D-C4F99A6F590F}.Debug|iPhone.Build.0 = Debug|iPhone
		{4894187C-9758-4A0C-BF5D-C4F99A6F590F}.Debug|iPhoneSimulator.ActiveCfg = Debug|iPhoneSimulator
		{4894187C-9758-4A0C-BF5D-C4F99A6F590F}.Debug|iPhoneSimulator.Build.0 = Debug|iPhoneSimulator
		{4894187C-9758-4A0C-BF5D-C4F99A6F590F}.Release|Any CPU.ActiveCfg = Release|iPhoneSimulator
		{4894187C-9758-4A0C-BF5D-C4F99A6F590F}.Release|Any CPU.Build.0 = Release|iPhoneSimulator
		{4894187C-9758-4A0C-BF5D-C4F99A6F590F}.Release|iPhone.ActiveCfg = Release|iPhone
		{4894187C-9758-4A0C-BF5D-C4F99A6F590F}.Release|iPhone.Build.0 = Release|iPhone
		{4894187C-9758-4A0C-BF5D-C4F99A6F590F}.Release|iPhoneSimulator.ActiveCfg = Release|iPhoneSimulator
		{4894187C-9758-4A0C-BF5D-C4F99A6F590F}.Release|iPhoneSimulator.Build.0 = Release|iPhoneSimulator
		{BF4E66A9-E89E-48B8-B3FA-E8DF737C4FDB}.Ad-Hoc|Any CPU.ActiveCfg = Release|Any CPU
		{BF4E66A9-E89E-48B8-B3FA-E8DF737C4FDB}.Ad-Hoc|Any CPU.Build.0 = Release|Any CPU
		{BF4E66A9-E89E-48B8-B3FA-E8DF737C4FDB}.Ad-Hoc|iPhone.ActiveCfg = Debug|Any CPU
		{BF4E66A9-E89E-48B8-B3FA-E8DF737C4FDB}.Ad-Hoc|iPhone.Build.0 = Debug|Any CPU
		{BF4E66A9-E89E-48B8-B3FA-E8DF737C4FDB}.Ad-Hoc|iPhoneSimulator.ActiveCfg = Release|Any CPU
		{BF4E66A9-E89E-48B8-B3FA-E8DF737C4FDB}.Ad-Hoc|iPhoneSimulator.Build.0 = Release|Any CPU
		{BF4E66A9-E89E-48B8-B3FA-E8DF737C4FDB}.AppStore|Any CPU.ActiveCfg = Release|Any CPU
		{BF4E66A9-E89E-48B8-B3FA-E8DF737C4FDB}.AppStore|Any CPU.Build.0 = Release|Any CPU
		{BF4E66A9-E89E-48B8-B3FA-E8DF737C4FDB}.AppStore|iPhone.ActiveCfg = Debug|Any CPU
		{BF4E66A9-E89E-48B8-B3FA-E8DF737C4FDB}.AppStore|iPhone.Build.0 = Debug|Any CPU
		{BF4E66A9-E89E-48B8-B3FA-E8DF737C4FDB}.AppStore|iPhoneSimulator.ActiveCfg = Release|Any CPU
		{BF4E66A9-E89E-48B8-B3FA-E8DF737C4FDB}.AppStore|iPhoneSimulator.Build.0 = Release|Any CPU
		{BF4E66A9-E89E-48B8-B3FA-E8DF737C4FDB}.Debug|Any CPU.ActiveCfg = Debug|Any CPU
		{BF4E66A9-E89E-48B8-B3FA-E8DF737C4FDB}.Debug|Any CPU.Build.0 = Debug|Any CPU
		{BF4E66A9-E89E-48B8-B3FA-E8DF737C4FDB}.Debug|iPhone.ActiveCfg = Debug|Any CPU
		{BF4E66A9-E89E-48B8-B3FA-E8DF737C4FDB}.Debug|iPhone.Build.0 = Debug|Any CPU
		{BF4E66A9-E89E-48B8-B3FA-E8DF737C4FDB}.Debug|iPhoneSimulator.ActiveCfg = Debug|Any CPU
		{BF4E66A9-E89E-48B8-B3FA-E8DF737C4FDB}.Debug|iPhoneSimulator.Build.0 = Debug|Any CPU
		{BF4E66A9-E89E-48B8-B3FA-E8DF737C4FDB}.Release|Any CPU.ActiveCfg = Release|Any CPU
		{BF4E66A9-E89E-48B8-B3FA-E8DF737C4FDB}.Release|Any CPU.Build.0 = Release|Any CPU
		{BF4E66A9-E89E-48B8-B3FA-E8DF737C4FDB}.Release|iPhone.ActiveCfg = Release|Any CPU
		{BF4E66A9-E89E-48B8-B3FA-E8DF737C4FDB}.Release|iPhone.Build.0 = Release|Any CPU
		{BF4E66A9-E89E-48B8-B3FA-E8DF737C4FDB}.Release|iPhoneSimulator.ActiveCfg = Release|Any CPU
		{BF4E66A9-E89E-48B8-B3FA-E8DF737C4FDB}.Release|iPhoneSimulator.Build.0 = Release|Any CPU
		{BB31D721-5F58-4921-9EF2-9B9DE52EE589}.Ad-Hoc|Any CPU.ActiveCfg = Release|Any CPU
		{BB31D721-5F58-4921-9EF2-9B9DE52EE589}.Ad-Hoc|Any CPU.Build.0 = Release|Any CPU
		{BB31D721-5F58-4921-9EF2-9B9DE52EE589}.Ad-Hoc|iPhone.ActiveCfg = Debug|Any CPU
		{BB31D721-5F58-4921-9EF2-9B9DE52EE589}.Ad-Hoc|iPhone.Build.0 = Debug|Any CPU
		{BB31D721-5F58-4921-9EF2-9B9DE52EE589}.Ad-Hoc|iPhoneSimulator.ActiveCfg = Release|Any CPU
		{BB31D721-5F58-4921-9EF2-9B9DE52EE589}.Ad-Hoc|iPhoneSimulator.Build.0 = Release|Any CPU
		{BB31D721-5F58-4921-9EF2-9B9DE52EE589}.AppStore|Any CPU.ActiveCfg = Release|Any CPU
		{BB31D721-5F58-4921-9EF2-9B9DE52EE589}.AppStore|Any CPU.Build.0 = Release|Any CPU
		{BB31D721-5F58-4921-9EF2-9B9DE52EE589}.AppStore|iPhone.ActiveCfg = Debug|Any CPU
		{BB31D721-5F58-4921-9EF2-9B9DE52EE589}.AppStore|iPhone.Build.0 = Debug|Any CPU
		{BB31D721-5F58-4921-9EF2-9B9DE52EE589}.AppStore|iPhoneSimulator.ActiveCfg = Release|Any CPU
		{BB31D721-5F58-4921-9EF2-9B9DE52EE589}.AppStore|iPhoneSimulator.Build.0 = Release|Any CPU
		{BB31D721-5F58-4921-9EF2-9B9DE52EE589}.Debug|Any CPU.ActiveCfg = Debug|Any CPU
		{BB31D721-5F58-4921-9EF2-9B9DE52EE589}.Debug|Any CPU.Build.0 = Debug|Any CPU
		{BB31D721-5F58-4921-9EF2-9B9DE52EE589}.Debug|iPhone.ActiveCfg = Debug|Any CPU
		{BB31D721-5F58-4921-9EF2-9B9DE52EE589}.Debug|iPhone.Build.0 = Debug|Any CPU
		{BB31D721-5F58-4921-9EF2-9B9DE52EE589}.Debug|iPhoneSimulator.ActiveCfg = Debug|Any CPU
		{BB31D721-5F58-4921-9EF2-9B9DE52EE589}.Debug|iPhoneSimulator.Build.0 = Debug|Any CPU
		{BB31D721-5F58-4921-9EF2-9B9DE52EE589}.Release|Any CPU.ActiveCfg = Release|Any CPU
		{BB31D721-5F58-4921-9EF2-9B9DE52EE589}.Release|Any CPU.Build.0 = Release|Any CPU
		{BB31D721-5F58-4921-9EF2-9B9DE52EE589}.Release|iPhone.ActiveCfg = Release|Any CPU
		{BB31D721-5F58-4921-9EF2-9B9DE52EE589}.Release|iPhone.Build.0 = Release|Any CPU
		{BB31D721-5F58-4921-9EF2-9B9DE52EE589}.Release|iPhoneSimulator.ActiveCfg = Release|Any CPU
		{BB31D721-5F58-4921-9EF2-9B9DE52EE589}.Release|iPhoneSimulator.Build.0 = Release|Any CPU
	EndGlobalSection
	GlobalSection(SolutionProperties) = preSolution
		HideSolutionNode = FALSE
	EndGlobalSection
	GlobalSection(ExtensibilityGlobals) = postSolution
		SolutionGuid = {4AFAA240-F164-43D3-AF27-5604BC3DF984}
	EndGlobalSection
EndGlobal
